
Microsoft Visual Studio Solution File, Format Version 11.00
# Visual Studio 2010
Project("{FAE04EC0-301F-11D3-BF4B-00C04F79EFBC}") = "HalloweenProject", "Assembly-CSharp-firstpass.csproj", "{EA8F26BB-7FE1-7DD2-BEA3-982C460D42A5}"
EndProject
Project("{FAE04EC0-301F-11D3-BF4B-00C04F79EFBC}") = "HalloweenProject", "Assembly-CSharp.csproj", "{6150FF0A-1EA5-B34D-35C9-BE83685A8F99}"
EndProject
Project("{FAE04EC0-301F-11D3-BF4B-00C04F79EFBC}") = "HalloweenProject", "Assembly-CSharp-Editor-firstpass.csproj", "{C5C861F3-5C1D-2FD9-8672-BCBA11689E3C}"
EndProject
Global
	GlobalSection(SolutionConfigurationPlatforms) = preSolution
		Debug|Any CPU = Debug|Any CPU
		Release|Any CPU = Release|Any CPU
	EndGlobalSection
	GlobalSection(ProjectConfigurationPlatforms) = postSolution
		{EA8F26BB-7FE1-7DD2-BEA3-982C460D42A5}.Debug|Any CPU.ActiveCfg = Debug|Any CPU
		{EA8F26BB-7FE1-7DD2-BEA3-982C460D42A5}.Debug|Any CPU.Build.0 = Debug|Any CPU
		{EA8F26BB-7FE1-7DD2-BEA3-982C460D42A5}.Release|Any CPU.ActiveCfg = Release|Any CPU
		{EA8F26BB-7FE1-7DD2-BEA3-982C460D42A5}.Release|Any CPU.Build.0 = Release|Any CPU
		{6150FF0A-1EA5-B34D-35C9-BE83685A8F99}.Debug|Any CPU.ActiveCfg = Debug|Any CPU
		{6150FF0A-1EA5-B34D-35C9-BE83685A8F99}.Debug|Any CPU.Build.0 = Debug|Any CPU
		{6150FF0A-1EA5-B34D-35C9-BE83685A8F99}.Release|Any CPU.ActiveCfg = Release|Any CPU
		{6150FF0A-1EA5-B34D-35C9-BE83685A8F99}.Release|Any CPU.Build.0 = Release|Any CPU
		{C5C861F3-5C1D-2FD9-8672-BCBA11689E3C}.Debug|Any CPU.ActiveCfg = Debug|Any CPU
		{C5C861F3-5C1D-2FD9-8672-BCBA11689E3C}.Debug|Any CPU.Build.0 = Debug|Any CPU
		{C5C861F3-5C1D-2FD9-8672-BCBA11689E3C}.Release|Any CPU.ActiveCfg = Release|Any CPU
		{C5C861F3-5C1D-2FD9-8672-BCBA11689E3C}.Release|Any CPU.Build.0 = Release|Any CPU
	EndGlobalSection
	GlobalSection(SolutionProperties) = preSolution
		HideSolutionNode = FALSE
	EndGlobalSection
	GlobalSection(MonoDevelopProperties) = preSolution
		StartupItem = Assembly-CSharp.csproj
	EndGlobalSection
EndGlobal
